// !$*UTF8*$!
{
	archiveVersion = 1;
	classes = {
	};
	objectVersion = 56;
	objects = {

/* Begin PBXBuildFile section */
		336A449528D57EEC0054B3B3 /* notificationsApp.swift in Sources */ = {isa = PBXBuildFile; fileRef = 336A449428D57EEC0054B3B3 /* notificationsApp.swift */; };
		336A449728D57EEC0054B3B3 /* ContentView.swift in Sources */ = {isa = PBXBuildFile; fileRef = 336A449628D57EEC0054B3B3 /* ContentView.swift */; };
		336A449928D57EED0054B3B3 /* Assets.xcassets in Resources */ = {isa = PBXBuildFile; fileRef = 336A449828D57EED0054B3B3 /* Assets.xcassets */; };
		336A449C28D57EED0054B3B3 /* Preview Assets.xcassets in Resources */ = {isa = PBXBuildFile; fileRef = 336A449B28D57EED0054B3B3 /* Preview Assets.xcassets */; };
		336A44AC28D5882E0054B3B3 /* AppNotifications.swift in Sources */ = {isa = PBXBuildFile; fileRef = 336A44AB28D5882E0054B3B3 /* AppNotifications.swift */; };
		336A44AF28D589020054B3B3 /* NotificationType.swift in Sources */ = {isa = PBXBuildFile; fileRef = 336A44AE28D589020054B3B3 /* NotificationType.swift */; };
		336A44B128D589160054B3B3 /* NotificationUnit.swift in Sources */ = {isa = PBXBuildFile; fileRef = 336A44B028D589160054B3B3 /* NotificationUnit.swift */; };
		336A44B328D589230054B3B3 /* ScheduledNotification.swift in Sources */ = {isa = PBXBuildFile; fileRef = 336A44B228D589230054B3B3 /* ScheduledNotification.swift */; };
/* End PBXBuildFile section */

/* Begin PBXFileReference section */
		336A449128D57EEC0054B3B3 /* notifications.app */ = {isa = PBXFileReference; explicitFileType = wrapper.application; includeInIndex = 0; path = notifications.app; sourceTree = BUILT_PRODUCTS_DIR; };
		336A449428D57EEC0054B3B3 /* notificationsApp.swift */ = {isa = PBXFileReference; lastKnownFileType = sourcecode.swift; path = notificationsApp.swift; sourceTree = "<group>"; };
		336A449628D57EEC0054B3B3 /* ContentView.swift */ = {isa = PBXFileReference; lastKnownFileType = sourcecode.swift; path = ContentView.swift; sourceTree = "<group>"; };
		336A449828D57EED0054B3B3 /* Assets.xcassets */ = {isa = PBXFileReference; lastKnownFileType = folder.assetcatalog; path = Assets.xcassets; sourceTree = "<group>"; };
		336A449B28D57EED0054B3B3 /* Preview Assets.xcassets */ = {isa = PBXFileReference; lastKnownFileType = folder.assetcatalog; path = "Preview Assets.xcassets"; sourceTree = "<group>"; };
		336A44A528D580BA0054B3B3 /* Info.plist */ = {isa = PBXFileReference; lastKnownFileType = text.plist; path = Info.plist; sourceTree = "<group>"; };
		336A44AB28D5882E0054B3B3 /* AppNotifications.swift */ = {isa = PBXFileReference; lastKnownFileType = sourcecode.swift; path = AppNotifications.swift; sourceTree = "<group>"; };
		336A44AE28D589020054B3B3 /* NotificationType.swift */ = {isa = PBXFileReference; lastKnownFileType = sourcecode.swift; path = NotificationType.swift; sourceTree = "<group>"; };
		336A44B028D589160054B3B3 /* NotificationUnit.swift */ = {isa = PBXFileReference; lastKnownFileType = sourcecode.swift; path = NotificationUnit.swift; sourceTree = "<group>"; };
		336A44B228D589230054B3B3 /* ScheduledNotification.swift */ = {isa = PBXFileReference; lastKnownFileType = sourcecode.swift; path = ScheduledNotification.swift; sourceTree = "<group>"; };
/* End PBXFileReference section */

/* Begin PBXFrameworksBuildPhase section */
		336A448E28D57EEC0054B3B3 /* Frameworks */ = {
			isa = PBXFrameworksBuildPhase;
			buildActionMask = 2147483647;
			files = (
			);
			runOnlyForDeploymentPostprocessing = 0;
		};
/* End PBXFrameworksBuildPhase section */

/* Begin PBXGroup section */
		336A448828D57EEC0054B3B3 = {
			isa = PBXGroup;
			children = (
				336A449328D57EEC0054B3B3 /* notifications */,
				336A449228D57EEC0054B3B3 /* Products */,
			);
			sourceTree = "<group>";
		};
		336A449228D57EEC0054B3B3 /* Products */ = {
			isa = PBXGroup;
			children = (
				336A449128D57EEC0054B3B3 /* notifications.app */,
			);
			name = Products;
			sourceTree = "<group>";
		};
		336A449328D57EEC0054B3B3 /* notifications */ = {
			isa = PBXGroup;
			children = (
				336A44A528D580BA0054B3B3 /* Info.plist */,
				336A44A228D57F000054B3B3 /* Backend */,
				336A449428D57EEC0054B3B3 /* notificationsApp.swift */,
				336A449628D57EEC0054B3B3 /* ContentView.swift */,
				336A449828D57EED0054B3B3 /* Assets.xcassets */,
				336A449A28D57EED0054B3B3 /* Preview Content */,
			);
			path = notifications;
			sourceTree = "<group>";
		};
		336A449A28D57EED0054B3B3 /* Preview Content */ = {
			isa = PBXGroup;
			children = (
				336A449B28D57EED0054B3B3 /* Preview Assets.xcassets */,
			);
			path = "Preview Content";
			sourceTree = "<group>";
		};
		336A44A228D57F000054B3B3 /* Backend */ = {
			isa = PBXGroup;
			children = (
				336A44AD28D588F20054B3B3 /* Types */,
				336A44AB28D5882E0054B3B3 /* AppNotifications.swift */,
			);
			path = Backend;
			sourceTree = "<group>";
		};
		336A44AD28D588F20054B3B3 /* Types */ = {
			isa = PBXGroup;
			children = (
				336A44AE28D589020054B3B3 /* NotificationType.swift */,
				336A44B028D589160054B3B3 /* NotificationUnit.swift */,
				336A44B228D589230054B3B3 /* ScheduledNotification.swift */,
			);
			path = Types;
			sourceTree = "<group>";
		};
/* End PBXGroup section */

/* Begin PBXNativeTarget section */
		336A449028D57EEC0054B3B3 /* notifications */ = {
			isa = PBXNativeTarget;
			buildConfigurationList = 336A449F28D57EED0054B3B3 /* Build configuration list for PBXNativeTarget "notifications" */;
			buildPhases = (
				336A448D28D57EEC0054B3B3 /* Sources */,
				336A448E28D57EEC0054B3B3 /* Frameworks */,
				336A448F28D57EEC0054B3B3 /* Resources */,
			);
			buildRules = (
			);
			dependencies = (
			);
			name = notifications;
			productName = notifications;
			productReference = 336A449128D57EEC0054B3B3 /* notifications.app */;
			productType = "com.apple.product-type.application";
		};
/* End PBXNativeTarget section */

/* Begin PBXProject section */
		336A448928D57EEC0054B3B3 /* Project object */ = {
			isa = PBXProject;
			attributes = {
				BuildIndependentTargetsInParallel = 1;
				LastSwiftUpdateCheck = 1400;
				LastUpgradeCheck = 1400;
				TargetAttributes = {
					336A449028D57EEC0054B3B3 = {
						CreatedOnToolsVersion = 14.0;
					};
				};
			};
			buildConfigurationList = 336A448C28D57EEC0054B3B3 /* Build configuration list for PBXProject "notifications" */;
			compatibilityVersion = "Xcode 14.0";
			developmentRegion = en;
			hasScannedForEncodings = 0;
			knownRegions = (
				en,
				Base,
			);
			mainGroup = 336A448828D57EEC0054B3B3;
			productRefGroup = 336A449228D57EEC0054B3B3 /* Products */;
			projectDirPath = "";
			projectRoot = "";
			targets = (
				336A449028D57EEC0054B3B3 /* notifications */,
			);
		};
/* End PBXProject section */

/* Begin PBXResourcesBuildPhase section */
		336A448F28D57EEC0054B3B3 /* Resources */ = {
			isa = PBXResourcesBuildPhase;
			buildActionMask = 2147483647;
			files = (
				336A449C28D57EED0054B3B3 /* Preview Assets.xcassets in Resources */,
				336A449928D57EED0054B3B3 /* Assets.xcassets in Resources */,
			);
			runOnlyForDeploymentPostprocessing = 0;
		};
/* End PBXResourcesBuildPhase section */

/* Begin PBXSourcesBuildPhase section */
		336A448D28D57EEC0054B3B3 /* Sources */ = {
			isa = PBXSourcesBuildPhase;
			buildActionMask = 2147483647;
			files = (
				336A44B328D589230054B3B3 /* ScheduledNotification.swift in Sources */,
				336A44B128D589160054B3B3 /* NotificationUnit.swift in Sources */,
				336A44AF28D589020054B3B3 /* NotificationType.swift in Sources */,
				336A44AC28D5882E0054B3B3 /* AppNotifications.swift in Sources */,
				336A449728D57EEC0054B3B3 /* ContentView.swift in Sources */,
				336A449528D57EEC0054B3B3 /* notificationsApp.swift in Sources */,
			);
			runOnlyForDeploymentPostprocessing = 0;
		};
/* End PBXSourcesBuildPhase section */

/* Begin XCBuildConfiguration section */
		336A449D28D57EED0054B3B3 /* Debug */ = {
			isa = XCBuildConfiguration;
			buildSettings = {
				ALWAYS_SEARCH_USER_PATHS = NO;
				CLANG_ANALYZER_NONNULL = YES;
				CLANG_ANALYZER_NUMBER_OBJECT_CONVERSION = YES_AGGRESSIVE;
				CLANG_CXX_LANGUAGE_STANDARD = "gnu++20";
				CLANG_ENABLE_MODULES = YES;
				CLANG_ENABLE_OBJC_ARC = YES;
				CLANG_ENABLE_OBJC_WEAK = YES;
				CLANG_WARN_BLOCK_CAPTURE_AUTORELEASING = YES;
				CLANG_WARN_BOOL_CONVERSION = YES;
				CLANG_WARN_COMMA = YES;
				CLANG_WARN_CONSTANT_CONVERSION = YES;
				CLANG_WARN_DEPRECATED_OBJC_IMPLEMENTATIONS = YES;
				CLANG_WARN_DIRECT_OBJC_ISA_USAGE = YES_ERROR;
				CLANG_WARN_DOCUMENTATION_COMMENTS = YES;
				CLANG_WARN_EMPTY_BODY = YES;
				CLANG_WARN_ENUM_CONVERSION = YES;
				CLANG_WARN_INFINITE_RECURSION = YES;
				CLANG_WARN_INT_CONVERSION = YES;
				CLANG_WARN_NON_LITERAL_NULL_CONVERSION = YES;
				CLANG_WARN_OBJC_IMPLICIT_RETAIN_SELF = YES;
				CLANG_WARN_OBJC_LITERAL_CONVERSION = YES;
				CLANG_WARN_OBJC_ROOT_CLASS = YES_ERROR;
				CLANG_WARN_QUOTED_INCLUDE_IN_FRAMEWORK_HEADER = YES;
				CLANG_WARN_RANGE_LOOP_ANALYSIS = YES;
				CLANG_WARN_STRICT_PROTOTYPES = YES;
				CLANG_WARN_SUSPICIOUS_MOVE = YES;
				CLANG_WARN_UNGUARDED_AVAILABILITY = YES_AGGRESSIVE;
				CLANG_WARN_UNREACHABLE_CODE = YES;
				CLANG_WARN__DUPLICATE_METHOD_MATCH = YES;
				COPY_PHASE_STRIP = NO;
				DEBUG_INFORMATION_FORMAT = dwarf;
				ENABLE_STRICT_OBJC_MSGSEND = YES;
				ENABLE_TESTABILITY = YES;
				GCC_C_LANGUAGE_STANDARD = gnu11;
				GCC_DYNAMIC_NO_PIC = NO;
				GCC_NO_COMMON_BLOCKS = YES;
				GCC_OPTIMIZATION_LEVEL = 0;
				GCC_PREPROCESSOR_DEFINITIONS = (
					"DEBUG=1",
					"$(inherited)",
				);
				GCC_WARN_64_TO_32_BIT_CONVERSION = YES;
				GCC_WARN_ABOUT_RETURN_TYPE = YES_ERROR;
				GCC_WARN_UNDECLARED_SELECTOR = YES;
				GCC_WARN_UNINITIALIZED_AUTOS = YES_AGGRESSIVE;
				GCC_WARN_UNUSED_FUNCTION = YES;
				GCC_WARN_UNUSED_VARIABLE = YES;
				IPHONEOS_DEPLOYMENT_TARGET = 16.0;
				MTL_ENABLE_DEBUG_INFO = INCLUDE_SOURCE;
				MTL_FAST_MATH = YES;
				ONLY_ACTIVE_ARCH = YES;
				SDKROOT = iphoneos;
				SWIFT_ACTIVE_COMPILATION_CONDITIONS = DEBUG;
				SWIFT_OPTIMIZATION_LEVEL = "-Onone";
			};
			name = Debug;
		};
		336A449E28D57EED0054B3B3 /* Release */ = {
			isa = XCBuildConfiguration;
			buildSettings = {
				ALWAYS_SEARCH_USER_PATHS = NO;
				CLANG_ANALYZER_NONNULL = YES;
				CLANG_ANALYZER_NUMBER_OBJECT_CONVERSION = YES_AGGRESSIVE;
				CLANG_CXX_LANGUAGE_STANDARD = "gnu++20";
				CLANG_ENABLE_MODULES = YES;
				CLANG_ENABLE_OBJC_ARC = YES;
				CLANG_ENABLE_OBJC_WEAK = YES;
				CLANG_WARN_BLOCK_CAPTURE_AUTORELEASING = YES;
				CLANG_WARN_BOOL_CONVERSION = YES;
				CLANG_WARN_COMMA = YES;
				CLANG_WARN_CONSTANT_CONVERSION = YES;
				CLANG_WARN_DEPRECATED_OBJC_IMPLEMENTATIONS = YES;
				CLANG_WARN_DIRECT_OBJC_ISA_USAGE = YES_ERROR;
				CLANG_WARN_DOCUMENTATION_COMMENTS = YES;
				CLANG_WARN_EMPTY_BODY = YES;
				CLANG_WARN_ENUM_CONVERSION = YES;
				CLANG_WARN_INFINITE_RECURSION = YES;
				CLANG_WARN_INT_CONVERSION = YES;
				CLANG_WARN_NON_LITERAL_NULL_CONVERSION = YES;
				CLANG_WARN_OBJC_IMPLICIT_RETAIN_SELF = YES;
				CLANG_WARN_OBJC_LITERAL_CONVERSION = YES;
				CLANG_WARN_OBJC_ROOT_CLASS = YES_ERROR;
				CLANG_WARN_QUOTED_INCLUDE_IN_FRAMEWORK_HEADER = YES;
				CLANG_WARN_RANGE_LOOP_ANALYSIS = YES;
				CLANG_WARN_STRICT_PROTOTYPES = YES;
				CLANG_WARN_SUSPICIOUS_MOVE = YES;
				CLANG_WARN_UNGUARDED_AVAILABILITY = YES_AGGRESSIVE;
				CLANG_WARN_UNREACHABLE_CODE = YES;
				CLANG_WARN__DUPLICATE_METHOD_MATCH = YES;
				COPY_PHASE_STRIP = NO;
				DEBUG_INFORMATION_FORMAT = "dwarf-with-dsym";
				ENABLE_NS_ASSERTIONS = NO;
				ENABLE_STRICT_OBJC_MSGSEND = YES;
				GCC_C_LANGUAGE_STANDARD = gnu11;
				GCC_NO_COMMON_BLOCKS = YES;
				GCC_WARN_64_TO_32_BIT_CONVERSION = YES;
				GCC_WARN_ABOUT_RETURN_TYPE = YES_ERROR;
				GCC_WARN_UNDECLARED_SELECTOR = YES;
				GCC_WARN_UNINITIALIZED_AUTOS = YES_AGGRESSIVE;
				GCC_WARN_UNUSED_FUNCTION = YES;
				GCC_WARN_UNUSED_VARIABLE = YES;
				IPHONEOS_DEPLOYMENT_TARGET = 16.0;
				MTL_ENABLE_DEBUG_INFO = NO;
				MTL_FAST_MATH = YES;
				SDKROOT = iphoneos;
				SWIFT_COMPILATION_MODE = wholemodule;
				SWIFT_OPTIMIZATION_LEVEL = "-O";
				VALIDATE_PRODUCT = YES;
			};
			name = Release;
		};
		336A44A028D57EED0054B3B3 /* Debug */ = {
			isa = XCBuildConfiguration;
			buildSettings = {
				ASSETCATALOG_COMPILER_APPICON_NAME = AppIcon;
				ASSETCATALOG_COMPILER_GLOBAL_ACCENT_COLOR_NAME = AccentColor;
				CODE_SIGN_STYLE = Automatic;
				CURRENT_PROJECT_VERSION = 1;
				DEVELOPMENT_ASSET_PATHS = "\"notifications/Preview Content\"";
				DEVELOPMENT_TEAM = H9969U22NB;
				ENABLE_PREVIEWS = YES;
				GENERATE_INFOPLIST_FILE = YES;
				INFOPLIST_FILE = notifications/Info.plist;
				INFOPLIST_KEY_CFBundleDisplayName = Notifications;
				INFOPLIST_KEY_UIApplicationSceneManifest_Generation = YES;
				INFOPLIST_KEY_UIApplicationSupportsIndirectInputEvents = YES;
				INFOPLIST_KEY_UILaunchScreen_Generation = YES;
				INFOPLIST_KEY_UISupportedInterfaceOrientations = UIInterfaceOrientationPortrait;
				IPHONEOS_DEPLOYMENT_TARGET = 15.0;
				LD_RUNPATH_SEARCH_PATHS = (
					"$(inherited)",
					"@executable_path/Frameworks",
				);
				MARKETING_VERSION = 1.0;
				PRODUCT_BUNDLE_IDENTIFIER = org.toddr.notifications;
				PRODUCT_NAME = "$(TARGET_NAME)";
				SWIFT_EMIT_LOC_STRINGS = YES;
				SWIFT_VERSION = 5.0;
				TARGETED_DEVICE_FAMILY = "1,2";
			};
			name = Debug;
		};
		336A44A128D57EED0054B3B3 /* Release */ = {
			isa = XCBuildConfiguration;
			buildSettings = {
				ASSETCATALOG_COMPILER_APPICON_NAME = AppIcon;
				ASSETCATALOG_COMPILER_GLOBAL_ACCENT_COLOR_NAME = AccentColor;
				CODE_SIGN_STYLE = Automatic;
				CURRENT_PROJECT_VERSION = 1;
				DEVELOPMENT_ASSET_PATHS = "\"notifications/Preview Content\"";
				DEVELOPMENT_TEAM = H9969U22NB;
				ENABLE_PREVIEWS = YES;
				GENERATE_INFOPLIST_FILE = YES;
				INFOPLIST_FILE = notifications/Info.plist;
				INFOPLIST_KEY_CFBundleDisplayName = Notifications;
				INFOPLIST_KEY_UIApplicationSceneManifest_Generation = YES;
				INFOPLIST_KEY_UIApplicationSupportsIndirectInputEvents = YES;
				INFOPLIST_KEY_UILaunchScreen_Generation = YES;
				INFOPLIST_KEY_UISupportedInterfaceOrientations = UIInterfaceOrientationPortrait;
				IPHONEOS_DEPLOYMENT_TARGET = 15.0;
				LD_RUNPATH_SEARCH_PATHS = (
					"$(inherited)",
					"@executable_path/Frameworks",
				);
				MARKETING_VERSION = 1.0;
				PRODUCT_BUNDLE_IDENTIFIER = org.toddr.notifications;
				PRODUCT_NAME = "$(TARGET_NAME)";
				SWIFT_EMIT_LOC_STRINGS = YES;
				SWIFT_VERSION = 5.0;
				TARGETED_DEVICE_FAMILY = "1,2";
			};
			name = Release;
		};
/* End XCBuildConfiguration section */

/* Begin XCConfigurationList section */
		336A448C28D57EEC0054B3B3 /* Build configuration list for PBXProject "notifications" */ = {
			isa = XCConfigurationList;
			buildConfigurations = (
				336A449D28D57EED0054B3B3 /* Debug */,
				336A449E28D57EED0054B3B3 /* Release */,
			);
			defaultConfigurationIsVisible = 0;
			defaultConfigurationName = Release;
		};
		336A449F28D57EED0054B3B3 /* Build configuration list for PBXNativeTarget "notifications" */ = {
			isa = XCConfigurationList;
			buildConfigurations = (
				336A44A028D57EED0054B3B3 /* Debug */,
				336A44A128D57EED0054B3B3 /* Release */,
			);
			defaultConfigurationIsVisible = 0;
			defaultConfigurationName = Release;
		};
/* End XCConfigurationList section */
	};
	rootObject = 336A448928D57EEC0054B3B3 /* Project object */;
}
